
Microsoft Visual Studio Solution File, Format Version 12.00
# Visual Studio Version 17
VisualStudioVersion = 17.6.33712.159
MinimumVisualStudioVersion = 10.0.40219.1
Project("{FAE04EC0-301F-11D3-BF4B-00C04F79EFBC}") = "lab01", "lab01\lab01.csproj", "{EE442727-4F65-499E-B13B-7BA1D1EC03A4}"
EndProject
Global
	GlobalSection(SolutionConfigurationPlatforms) = preSolution
		Debug|Any CPU = Debug|Any CPU
		Release|Any CPU = Release|Any CPU
	EndGlobalSection
	GlobalSection(ProjectConfigurationPlatforms) = postSolution
		{EE442727-4F65-499E-B13B-7BA1D1EC03A4}.Debug|Any CPU.ActiveCfg = Debug|Any CPU
		{EE442727-4F65-499E-B13B-7BA1D1EC03A4}.Debug|Any CPU.Build.0 = Debug|Any CPU
		{EE442727-4F65-499E-B13B-7BA1D1EC03A4}.Release|Any CPU.ActiveCfg = Release|Any CPU
		{EE442727-4F65-499E-B13B-7BA1D1EC03A4}.Release|Any CPU.Build.0 = Release|Any CPU
	EndGlobalSection
	GlobalSection(SolutionProperties) = preSolution
		HideSolutionNode = FALSE
	EndGlobalSection
	GlobalSection(ExtensibilityGlobals) = postSolution
		SolutionGuid = {E2C06043-A5F2-4162-B735-09ED7344312D}
	EndGlobalSection
EndGlobal
