
Microsoft Visual Studio Solution File, Format Version 12.00
# Visual Studio Version 17
VisualStudioVersion = 17.6.33712.159
MinimumVisualStudioVersion = 10.0.40219.1
Project("{FAE04EC0-301F-11D3-BF4B-00C04F79EFBC}") = "lab 6", "lab 6\lab 6.csproj", "{7A31CC65-D6B2-4A54-95CC-1586E06FEB72}"
EndProject
Global
	GlobalSection(SolutionConfigurationPlatforms) = preSolution
		Debug|Any CPU = Debug|Any CPU
		Release|Any CPU = Release|Any CPU
	EndGlobalSection
	GlobalSection(ProjectConfigurationPlatforms) = postSolution
		{7A31CC65-D6B2-4A54-95CC-1586E06FEB72}.Debug|Any CPU.ActiveCfg = Debug|Any CPU
		{7A31CC65-D6B2-4A54-95CC-1586E06FEB72}.Debug|Any CPU.Build.0 = Debug|Any CPU
		{7A31CC65-D6B2-4A54-95CC-1586E06FEB72}.Release|Any CPU.ActiveCfg = Release|Any CPU
		{7A31CC65-D6B2-4A54-95CC-1586E06FEB72}.Release|Any CPU.Build.0 = Release|Any CPU
	EndGlobalSection
	GlobalSection(SolutionProperties) = preSolution
		HideSolutionNode = FALSE
	EndGlobalSection
	GlobalSection(ExtensibilityGlobals) = postSolution
		SolutionGuid = {70600FA5-9801-4108-8019-A21F4DC5CEA8}
	EndGlobalSection
EndGlobal
