
Microsoft Visual Studio Solution File, Format Version 12.00
# Visual Studio Version 17
VisualStudioVersion = 17.6.33712.159
MinimumVisualStudioVersion = 10.0.40219.1
Project("{FAE04EC0-301F-11D3-BF4B-00C04F79EFBC}") = "lab 2 q5", "lab 2 q5\lab 2 q5.csproj", "{6B9DAC0C-3899-40B0-BAFA-190752FB92CD}"
EndProject
Global
	GlobalSection(SolutionConfigurationPlatforms) = preSolution
		Debug|Any CPU = Debug|Any CPU
		Release|Any CPU = Release|Any CPU
	EndGlobalSection
	GlobalSection(ProjectConfigurationPlatforms) = postSolution
		{6B9DAC0C-3899-40B0-BAFA-190752FB92CD}.Debug|Any CPU.ActiveCfg = Debug|Any CPU
		{6B9DAC0C-3899-40B0-BAFA-190752FB92CD}.Debug|Any CPU.Build.0 = Debug|Any CPU
		{6B9DAC0C-3899-40B0-BAFA-190752FB92CD}.Release|Any CPU.ActiveCfg = Release|Any CPU
		{6B9DAC0C-3899-40B0-BAFA-190752FB92CD}.Release|Any CPU.Build.0 = Release|Any CPU
	EndGlobalSection
	GlobalSection(SolutionProperties) = preSolution
		HideSolutionNode = FALSE
	EndGlobalSection
	GlobalSection(ExtensibilityGlobals) = postSolution
		SolutionGuid = {3410EBC9-BFCC-41D1-A375-828500929AA1}
	EndGlobalSection
EndGlobal
