
Microsoft Visual Studio Solution File, Format Version 12.00
# Visual Studio Version 17
VisualStudioVersion = 17.6.33712.159
MinimumVisualStudioVersion = 10.0.40219.1
Project("{FAE04EC0-301F-11D3-BF4B-00C04F79EFBC}") = "lab 3 q4", "lab 3 q4\lab 3 q4.csproj", "{3A9477D7-D10F-4C8B-A9E9-857F867D266C}"
EndProject
Global
	GlobalSection(SolutionConfigurationPlatforms) = preSolution
		Debug|Any CPU = Debug|Any CPU
		Release|Any CPU = Release|Any CPU
	EndGlobalSection
	GlobalSection(ProjectConfigurationPlatforms) = postSolution
		{3A9477D7-D10F-4C8B-A9E9-857F867D266C}.Debug|Any CPU.ActiveCfg = Debug|Any CPU
		{3A9477D7-D10F-4C8B-A9E9-857F867D266C}.Debug|Any CPU.Build.0 = Debug|Any CPU
		{3A9477D7-D10F-4C8B-A9E9-857F867D266C}.Release|Any CPU.ActiveCfg = Release|Any CPU
		{3A9477D7-D10F-4C8B-A9E9-857F867D266C}.Release|Any CPU.Build.0 = Release|Any CPU
	EndGlobalSection
	GlobalSection(SolutionProperties) = preSolution
		HideSolutionNode = FALSE
	EndGlobalSection
	GlobalSection(ExtensibilityGlobals) = postSolution
		SolutionGuid = {3E5603D7-1368-4A66-9B4F-6015E0D200EF}
	EndGlobalSection
EndGlobal
